
Microsoft Visual Studio Solution File, Format Version 12.00
# Visual Studio Version 16
VisualStudioVersion = 16.0.31424.327
MinimumVisualStudioVersion = 10.0.40219.1
Project("{FAE04EC0-301F-11D3-BF4B-00C04F79EFBC}") = "StarlightBreaker.ACT", "StarlightBreaker.ACT\StarlightBreaker.ACT.csproj", "{5827C518-A725-411E-A755-0ADC1BD0F229}"
EndProject
Project("{8BC9CEB8-8B4A-11D0-8D11-00A0C91BC942}") = "StarlightBreaker.DLLHijack", "StarlightBreaker.DLLHijack\StarlightBreaker.DLLHijack.vcxproj", "{8EB7939C-38BF-4A59-A5CC-BA069AF6D3CE}"
EndProject
Project("{9A19103F-16F7-4668-BE54-9A1E7A4F7556}") = "StarlightBreaker.Dalamud", "StarlightBreaker.Dalamud\StarlightBreaker.csproj", "{34AA74CB-A338-4C5A-A200-F08793276796}"
EndProject
Global
	GlobalSection(SolutionConfigurationPlatforms) = preSolution
		Debug|x64 = Debug|x64
		Release|x64 = Release|x64
	EndGlobalSection
	GlobalSection(ProjectConfigurationPlatforms) = postSolution
		{5827C518-A725-411E-A755-0ADC1BD0F229}.Debug|x64.ActiveCfg = Debug|Any CPU
		{5827C518-A725-411E-A755-0ADC1BD0F229}.Debug|x64.Build.0 = Debug|Any CPU
		{5827C518-A725-411E-A755-0ADC1BD0F229}.Release|x64.ActiveCfg = Release|Any CPU
		{5827C518-A725-411E-A755-0ADC1BD0F229}.Release|x64.Build.0 = Release|Any CPU
		{8EB7939C-38BF-4A59-A5CC-BA069AF6D3CE}.Debug|x64.ActiveCfg = Debug|x64
		{8EB7939C-38BF-4A59-A5CC-BA069AF6D3CE}.Debug|x64.Build.0 = Debug|x64
		{8EB7939C-38BF-4A59-A5CC-BA069AF6D3CE}.Release|x64.ActiveCfg = Release|x64
		{8EB7939C-38BF-4A59-A5CC-BA069AF6D3CE}.Release|x64.Build.0 = Release|x64
		{34AA74CB-A338-4C5A-A200-F08793276796}.Debug|x64.ActiveCfg = Debug|Any CPU
		{34AA74CB-A338-4C5A-A200-F08793276796}.Debug|x64.Build.0 = Debug|Any CPU
		{34AA74CB-A338-4C5A-A200-F08793276796}.Release|x64.ActiveCfg = Release|Any CPU
		{34AA74CB-A338-4C5A-A200-F08793276796}.Release|x64.Build.0 = Release|Any CPU
	EndGlobalSection
	GlobalSection(SolutionProperties) = preSolution
		HideSolutionNode = FALSE
	EndGlobalSection
	GlobalSection(ExtensibilityGlobals) = postSolution
		SolutionGuid = {6C50A798-27FB-4CB3-980F-606488882299}
	EndGlobalSection
EndGlobal
