
Microsoft Visual Studio Solution File, Format Version 12.00
# Visual Studio Version 16
VisualStudioVersion = 16.0.31424.327
MinimumVisualStudioVersion = 10.0.40219.1
Project("{FAE04EC0-301F-11D3-BF4B-00C04F79EFBC}") = "StarlightBreaker", "StarlightBreaker.ACT.csproj", "{5827C518-A725-411E-A755-0ADC1BD0F229}"
EndProject
Global
	GlobalSection(SolutionConfigurationPlatforms) = preSolution
		Debug|Any CPU = Debug|Any CPU
		Release|Any CPU = Release|Any CPU
	EndGlobalSection
	GlobalSection(ProjectConfigurationPlatforms) = postSolution
		{5827C518-A725-411E-A755-0ADC1BD0F229}.Debug|Any CPU.ActiveCfg = Debug|Any CPU
		{5827C518-A725-411E-A755-0ADC1BD0F229}.Debug|Any CPU.Build.0 = Debug|Any CPU
		{5827C518-A725-411E-A755-0ADC1BD0F229}.Release|Any CPU.ActiveCfg = Release|Any CPU
		{5827C518-A725-411E-A755-0ADC1BD0F229}.Release|Any CPU.Build.0 = Release|Any CPU
	EndGlobalSection
	GlobalSection(SolutionProperties) = preSolution
		HideSolutionNode = FALSE
	EndGlobalSection
	GlobalSection(ExtensibilityGlobals) = postSolution
		SolutionGuid = {6C50A798-27FB-4CB3-980F-606488882299}
	EndGlobalSection
EndGlobal
